// !$*UTF8*$!
{
	archiveVersion = 1;
	classes = {
	};
	objectVersion = 46;
	objects = {

/* Begin PBXBuildFile section */
		856019A21EA649B400D2D421 /* AppDelegate.swift in Sources */ = {isa = PBXBuildFile; fileRef = 856019A11EA649B400D2D421 /* AppDelegate.swift */; };
		856019A41EA649B400D2D421 /* ViewController.swift in Sources */ = {isa = PBXBuildFile; fileRef = 856019A31EA649B400D2D421 /* ViewController.swift */; };
		856019A71EA649B400D2D421 /* Main.storyboard in Resources */ = {isa = PBXBuildFile; fileRef = 856019A51EA649B400D2D421 /* Main.storyboard */; };
		856019A91EA649B400D2D421 /* Assets.xcassets in Resources */ = {isa = PBXBuildFile; fileRef = 856019A81EA649B400D2D421 /* Assets.xcassets */; };
		856019AC1EA649B400D2D421 /* LaunchScreen.storyboard in Resources */ = {isa = PBXBuildFile; fileRef = 856019AA1EA649B400D2D421 /* LaunchScreen.storyboard */; };
/* End PBXBuildFile section */

/* Begin PBXFileReference section */
		8560199E1EA649B400D2D421 /* DataBaseCore.app */ = {isa = PBXFileReference; explicitFileType = wrapper.application; includeInIndex = 0; path = DataBaseCore.app; sourceTree = BUILT_PRODUCTS_DIR; };
		856019A11EA649B400D2D421 /* AppDelegate.swift */ = {isa = PBXFileReference; lastKnownFileType = sourcecode.swift; path = AppDelegate.swift; sourceTree = "<group>"; };
		856019A31EA649B400D2D421 /* ViewController.swift */ = {isa = PBXFileReference; lastKnownFileType = sourcecode.swift; path = ViewController.swift; sourceTree = "<group>"; };
		856019A61EA649B400D2D421 /* Base */ = {isa = PBXFileReference; lastKnownFileType = file.storyboard; name = Base; path = Base.lproj/Main.storyboard; sourceTree = "<group>"; };
		856019A81EA649B400D2D421 /* Assets.xcassets */ = {isa = PBXFileReference; lastKnownFileType = folder.assetcatalog; path = Assets.xcassets; sourceTree = "<group>"; };
		856019AB1EA649B400D2D421 /* Base */ = {isa = PBXFileReference; lastKnownFileType = file.storyboard; name = Base; path = Base.lproj/LaunchScreen.storyboard; sourceTree = "<group>"; };
		856019AD1EA649B400D2D421 /* Info.plist */ = {isa = PBXFileReference; lastKnownFileType = text.plist.xml; path = Info.plist; sourceTree = "<group>"; };
/* End PBXFileReference section */

/* Begin PBXFrameworksBuildPhase section */
		8560199B1EA649B400D2D421 /* Frameworks */ = {
			isa = PBXFrameworksBuildPhase;
			buildActionMask = 2147483647;
			files = (
			);
			runOnlyForDeploymentPostprocessing = 0;
		};
/* End PBXFrameworksBuildPhase section */

/* Begin PBXGroup section */
		856019951EA649B400D2D421 = {
			isa = PBXGroup;
			children = (
				856019A01EA649B400D2D421 /* DataBaseCore */,
				8560199F1EA649B400D2D421 /* Products */,
			);
			sourceTree = "<group>";
		};
		8560199F1EA649B400D2D421 /* Products */ = {
			isa = PBXGroup;
			children = (
				8560199E1EA649B400D2D421 /* DataBaseCore.app */,
			);
			name = Products;
			sourceTree = "<group>";
		};
		856019A01EA649B400D2D421 /* DataBaseCore */ = {
			isa = PBXGroup;
			children = (
				856019A11EA649B400D2D421 /* AppDelegate.swift */,
				856019A31EA649B400D2D421 /* ViewController.swift */,
				856019A51EA649B400D2D421 /* Main.storyboard */,
				856019A81EA649B400D2D421 /* Assets.xcassets */,
				856019AA1EA649B400D2D421 /* LaunchScreen.storyboard */,
				856019AD1EA649B400D2D421 /* Info.plist */,
			);
			path = DataBaseCore;
			sourceTree = "<group>";
		};
/* End PBXGroup section */

/* Begin PBXNativeTarget section */
		8560199D1EA649B400D2D421 /* DataBaseCore */ = {
			isa = PBXNativeTarget;
			buildConfigurationList = 856019B01EA649B400D2D421 /* Build configuration list for PBXNativeTarget "DataBaseCore" */;
			buildPhases = (
				8560199A1EA649B400D2D421 /* Sources */,
				8560199B1EA649B400D2D421 /* Frameworks */,
				8560199C1EA649B400D2D421 /* Resources */,
			);
			buildRules = (
			);
			dependencies = (
			);
			name = DataBaseCore;
			productName = DataBaseCore;
			productReference = 8560199E1EA649B400D2D421 /* DataBaseCore.app */;
			productType = "com.apple.product-type.application";
		};
/* End PBXNativeTarget section */

/* Begin PBXProject section */
		856019961EA649B400D2D421 /* Project object */ = {
			isa = PBXProject;
			attributes = {
				LastSwiftUpdateCheck = 0820;
				LastUpgradeCheck = 0820;
				ORGANIZATIONNAME = iOS2;
				TargetAttributes = {
					8560199D1EA649B400D2D421 = {
						CreatedOnToolsVersion = 8.2;
						DevelopmentTeam = NWG69L6D9J;
						ProvisioningStyle = Automatic;
					};
				};
			};
			buildConfigurationList = 856019991EA649B400D2D421 /* Build configuration list for PBXProject "DataBaseCore" */;
			compatibilityVersion = "Xcode 3.2";
			developmentRegion = English;
			hasScannedForEncodings = 0;
			knownRegions = (
				en,
				Base,
			);
			mainGroup = 856019951EA649B400D2D421;
			productRefGroup = 8560199F1EA649B400D2D421 /* Products */;
			projectDirPath = "";
			projectRoot = "";
			targets = (
				8560199D1EA649B400D2D421 /* DataBaseCore */,
			);
		};
/* End PBXProject section */

/* Begin PBXResourcesBuildPhase section */
		8560199C1EA649B400D2D421 /* Resources */ = {
			isa = PBXResourcesBuildPhase;
			buildActionMask = 2147483647;
			files = (
				856019AC1EA649B400D2D421 /* LaunchScreen.storyboard in Resources */,
				856019A91EA649B400D2D421 /* Assets.xcassets in Resources */,
				856019A71EA649B400D2D421 /* Main.storyboard in Resources */,
			);
			runOnlyForDeploymentPostprocessing = 0;
		};
/* End PBXResourcesBuildPhase section */

/* Begin PBXSourcesBuildPhase section */
		8560199A1EA649B400D2D421 /* Sources */ = {
			isa = PBXSourcesBuildPhase;
			buildActionMask = 2147483647;
			files = (
				856019A41EA649B400D2D421 /* ViewController.swift in Sources */,
				856019A21EA649B400D2D421 /* AppDelegate.swift in Sources */,
			);
			runOnlyForDeploymentPostprocessing = 0;
		};
/* End PBXSourcesBuildPhase section */

/* Begin PBXVariantGroup section */
		856019A51EA649B400D2D421 /* Main.storyboard */ = {
			isa = PBXVariantGroup;
			children = (
				856019A61EA649B400D2D421 /* Base */,
			);
			name = Main.storyboard;
			sourceTree = "<group>";
		};
		856019AA1EA649B400D2D421 /* LaunchScreen.storyboard */ = {
			isa = PBXVariantGroup;
			children = (
				856019AB1EA649B400D2D421 /* Base */,
			);
			name = LaunchScreen.storyboard;
			sourceTree = "<group>";
		};
/* End PBXVariantGroup section */

/* Begin XCBuildConfiguration section */
		856019AE1EA649B400D2D421 /* Debug */ = {
			isa = XCBuildConfiguration;
			buildSettings = {
				ALWAYS_SEARCH_USER_PATHS = NO;
				CLANG_ANALYZER_NONNULL = YES;
				CLANG_CXX_LANGUAGE_STANDARD = "gnu++0x";
				CLANG_CXX_LIBRARY = "libc++";
				CLANG_ENABLE_MODULES = YES;
				CLANG_ENABLE_OBJC_ARC = YES;
				CLANG_WARN_BOOL_CONVERSION = YES;
				CLANG_WARN_CONSTANT_CONVERSION = YES;
				CLANG_WARN_DIRECT_OBJC_ISA_USAGE = YES_ERROR;
				CLANG_WARN_DOCUMENTATION_COMMENTS = YES;
				CLANG_WARN_EMPTY_BODY = YES;
				CLANG_WARN_ENUM_CONVERSION = YES;
				CLANG_WARN_INFINITE_RECURSION = YES;
				CLANG_WARN_INT_CONVERSION = YES;
				CLANG_WARN_OBJC_ROOT_CLASS = YES_ERROR;
				CLANG_WARN_SUSPICIOUS_MOVE = YES;
				CLANG_WARN_UNREACHABLE_CODE = YES;
				CLANG_WARN__DUPLICATE_METHOD_MATCH = YES;
				"CODE_SIGN_IDENTITY[sdk=iphoneos*]" = "iPhone Developer";
				COPY_PHASE_STRIP = NO;
				DEBUG_INFORMATION_FORMAT = dwarf;
				ENABLE_STRICT_OBJC_MSGSEND = YES;
				ENABLE_TESTABILITY = YES;
				GCC_C_LANGUAGE_STANDARD = gnu99;
				GCC_DYNAMIC_NO_PIC = NO;
				GCC_NO_COMMON_BLOCKS = YES;
				GCC_OPTIMIZATION_LEVEL = 0;
				GCC_PREPROCESSOR_DEFINITIONS = (
					"DEBUG=1",
					"$(inherited)",
				);
				GCC_WARN_64_TO_32_BIT_CONVERSION = YES;
				GCC_WARN_ABOUT_RETURN_TYPE = YES_ERROR;
				GCC_WARN_UNDECLARED_SELECTOR = YES;
				GCC_WARN_UNINITIALIZED_AUTOS = YES_AGGRESSIVE;
				GCC_WARN_UNUSED_FUNCTION = YES;
				GCC_WARN_UNUSED_VARIABLE = YES;
				IPHONEOS_DEPLOYMENT_TARGET = 10.2;
				MTL_ENABLE_DEBUG_INFO = YES;
				ONLY_ACTIVE_ARCH = YES;
				SDKROOT = iphoneos;
				SWIFT_ACTIVE_COMPILATION_CONDITIONS = DEBUG;
				SWIFT_OPTIMIZATION_LEVEL = "-Onone";
				TARGETED_DEVICE_FAMILY = "1,2";
			};
			name = Debug;
		};
		856019AF1EA649B400D2D421 /* Release */ = {
			isa = XCBuildConfiguration;
			buildSettings = {
				ALWAYS_SEARCH_USER_PATHS = NO;
				CLANG_ANALYZER_NONNULL = YES;
				CLANG_CXX_LANGUAGE_STANDARD = "gnu++0x";
				CLANG_CXX_LIBRARY = "libc++";
				CLANG_ENABLE_MODULES = YES;
				CLANG_ENABLE_OBJC_ARC = YES;
				CLANG_WARN_BOOL_CONVERSION = YES;
				CLANG_WARN_CONSTANT_CONVERSION = YES;
				CLANG_WARN_DIRECT_OBJC_ISA_USAGE = YES_ERROR;
				CLANG_WARN_DOCUMENTATION_COMMENTS = YES;
				CLANG_WARN_EMPTY_BODY = YES;
				CLANG_WARN_ENUM_CONVERSION = YES;
				CLANG_WARN_INFINITE_RECURSION = YES;
				CLANG_WARN_INT_CONVERSION = YES;
				CLANG_WARN_OBJC_ROOT_CLASS = YES_ERROR;
				CLANG_WARN_SUSPICIOUS_MOVE = YES;
				CLANG_WARN_UNREACHABLE_CODE = YES;
				CLANG_WARN__DUPLICATE_METHOD_MATCH = YES;
				"CODE_SIGN_IDENTITY[sdk=iphoneos*]" = "iPhone Developer";
				COPY_PHASE_STRIP = NO;
				DEBUG_INFORMATION_FORMAT = "dwarf-with-dsym";
				ENABLE_NS_ASSERTIONS = NO;
				ENABLE_STRICT_OBJC_MSGSEND = YES;
				GCC_C_LANGUAGE_STANDARD = gnu99;
				GCC_NO_COMMON_BLOCKS = YES;
				GCC_WARN_64_TO_32_BIT_CONVERSION = YES;
				GCC_WARN_ABOUT_RETURN_TYPE = YES_ERROR;
				GCC_WARN_UNDECLARED_SELECTOR = YES;
				GCC_WARN_UNINITIALIZED_AUTOS = YES_AGGRESSIVE;
				GCC_WARN_UNUSED_FUNCTION = YES;
				GCC_WARN_UNUSED_VARIABLE = YES;
				IPHONEOS_DEPLOYMENT_TARGET = 10.2;
				MTL_ENABLE_DEBUG_INFO = NO;
				SDKROOT = iphoneos;
				SWIFT_OPTIMIZATION_LEVEL = "-Owholemodule";
				TARGETED_DEVICE_FAMILY = "1,2";
				VALIDATE_PRODUCT = YES;
			};
			name = Release;
		};
		856019B11EA649B400D2D421 /* Debug */ = {
			isa = XCBuildConfiguration;
			buildSettings = {
				ASSETCATALOG_COMPILER_APPICON_NAME = AppIcon;
				DEVELOPMENT_TEAM = NWG69L6D9J;
				INFOPLIST_FILE = DataBaseCore/Info.plist;
				LD_RUNPATH_SEARCH_PATHS = "$(inherited) @executable_path/Frameworks";
				PRODUCT_BUNDLE_IDENTIFIER = com.excellentwebworld.DataBaseCore;
				PRODUCT_NAME = "$(TARGET_NAME)";
				SWIFT_VERSION = 3.0;
			};
			name = Debug;
		};
		856019B21EA649B400D2D421 /* Release */ = {
			isa = XCBuildConfiguration;
			buildSettings = {
				ASSETCATALOG_COMPILER_APPICON_NAME = AppIcon;
				DEVELOPMENT_TEAM = NWG69L6D9J;
				INFOPLIST_FILE = DataBaseCore/Info.plist;
				LD_RUNPATH_SEARCH_PATHS = "$(inherited) @executable_path/Frameworks";
				PRODUCT_BUNDLE_IDENTIFIER = com.excellentwebworld.DataBaseCore;
				PRODUCT_NAME = "$(TARGET_NAME)";
				SWIFT_VERSION = 3.0;
			};
			name = Release;
		};
/* End XCBuildConfiguration section */

/* Begin XCConfigurationList section */
		856019991EA649B400D2D421 /* Build configuration list for PBXProject "DataBaseCore" */ = {
			isa = XCConfigurationList;
			buildConfigurations = (
				856019AE1EA649B400D2D421 /* Debug */,
				856019AF1EA649B400D2D421 /* Release */,
			);
			defaultConfigurationIsVisible = 0;
			defaultConfigurationName = Release;
		};
		856019B01EA649B400D2D421 /* Build configuration list for PBXNativeTarget "DataBaseCore" */ = {
			isa = XCConfigurationList;
			buildConfigurations = (
				856019B11EA649B400D2D421 /* Debug */,
				856019B21EA649B400D2D421 /* Release */,
			);
			defaultConfigurationIsVisible = 0;
		};
/* End XCConfigurationList section */
	};
	rootObject = 856019961EA649B400D2D421 /* Project object */;
}
